
Microsoft Visual Studio Solution File, Format Version 12.00
# Visual Studio Version 17
VisualStudioVersion = 17.11.35327.3
MinimumVisualStudioVersion = 10.0.40219.1
Project("{FAE04EC0-301F-11D3-BF4B-00C04F79EFBC}") = "rraf", "rraf.csproj", "{471DB141-C7B0-4E19-9A34-AB80331AAEBF}"
EndProject
Global
	GlobalSection(SolutionConfigurationPlatforms) = preSolution
		Debug|Any CPU = Debug|Any CPU
		Release|Any CPU = Release|Any CPU
	EndGlobalSection
	GlobalSection(ProjectConfigurationPlatforms) = postSolution
		{471DB141-C7B0-4E19-9A34-AB80331AAEBF}.Debug|Any CPU.ActiveCfg = Debug|Any CPU
		{471DB141-C7B0-4E19-9A34-AB80331AAEBF}.Debug|Any CPU.Build.0 = Debug|Any CPU
		{471DB141-C7B0-4E19-9A34-AB80331AAEBF}.Release|Any CPU.ActiveCfg = Release|Any CPU
		{471DB141-C7B0-4E19-9A34-AB80331AAEBF}.Release|Any CPU.Build.0 = Release|Any CPU
	EndGlobalSection
	GlobalSection(SolutionProperties) = preSolution
		HideSolutionNode = FALSE
	EndGlobalSection
	GlobalSection(ExtensibilityGlobals) = postSolution
		SolutionGuid = {9A0E340C-65C4-4D34-A3F2-3EC6C44A9A81}
	EndGlobalSection
EndGlobal
